
Microsoft Visual Studio Solution File, Format Version 12.00
# Visual Studio 15
VisualStudioVersion = 15.0.28307.779
MinimumVisualStudioVersion = 10.0.40219.1
Project("{8BC9CEB8-8B4A-11D0-8D11-00A0C91BC942}") = "CodeBook", "CodeBook\CodeBook.vcxproj", "{D35799CA-DF73-4DFC-B25A-0EFCA9820803}"
EndProject
Global
	GlobalSection(SolutionConfigurationPlatforms) = preSolution
		Debug|x64 = Debug|x64
		Debug|x86 = Debug|x86
		Release|x64 = Release|x64
		Release|x86 = Release|x86
	EndGlobalSection
	GlobalSection(ProjectConfigurationPlatforms) = postSolution
		{D35799CA-DF73-4DFC-B25A-0EFCA9820803}.Debug|x64.ActiveCfg = Debug|x64
		{D35799CA-DF73-4DFC-B25A-0EFCA9820803}.Debug|x64.Build.0 = Debug|x64
		{D35799CA-DF73-4DFC-B25A-0EFCA9820803}.Debug|x86.ActiveCfg = Debug|Win32
		{D35799CA-DF73-4DFC-B25A-0EFCA9820803}.Debug|x86.Build.0 = Debug|Win32
		{D35799CA-DF73-4DFC-B25A-0EFCA9820803}.Release|x64.ActiveCfg = Release|x64
		{D35799CA-DF73-4DFC-B25A-0EFCA9820803}.Release|x64.Build.0 = Release|x64
		{D35799CA-DF73-4DFC-B25A-0EFCA9820803}.Release|x86.ActiveCfg = Release|Win32
		{D35799CA-DF73-4DFC-B25A-0EFCA9820803}.Release|x86.Build.0 = Release|Win32
	EndGlobalSection
	GlobalSection(SolutionProperties) = preSolution
		HideSolutionNode = FALSE
	EndGlobalSection
	GlobalSection(ExtensibilityGlobals) = postSolution
		SolutionGuid = {818F5438-3FF9-4441-AF91-3D05EF37ABD5}
	EndGlobalSection
EndGlobal
